
Microsoft Visual Studio Solution File, Format Version 12.00
# Visual Studio Version 17
VisualStudioVersion = 17.6.33829.357
MinimumVisualStudioVersion = 10.0.40219.1
Project("{FAE04EC0-301F-11D3-BF4B-00C04F79EFBC}") = "Assignment-2 DotnetCore", "Assignment-2 DotnetCore\Assignment-2 DotnetCore.csproj", "{A1CFD38E-282D-4903-B9BB-B56D6A9D689C}"
EndProject
Global
	GlobalSection(SolutionConfigurationPlatforms) = preSolution
		Debug|Any CPU = Debug|Any CPU
		Release|Any CPU = Release|Any CPU
	EndGlobalSection
	GlobalSection(ProjectConfigurationPlatforms) = postSolution
		{A1CFD38E-282D-4903-B9BB-B56D6A9D689C}.Debug|Any CPU.ActiveCfg = Debug|Any CPU
		{A1CFD38E-282D-4903-B9BB-B56D6A9D689C}.Debug|Any CPU.Build.0 = Debug|Any CPU
		{A1CFD38E-282D-4903-B9BB-B56D6A9D689C}.Release|Any CPU.ActiveCfg = Release|Any CPU
		{A1CFD38E-282D-4903-B9BB-B56D6A9D689C}.Release|Any CPU.Build.0 = Release|Any CPU
	EndGlobalSection
	GlobalSection(SolutionProperties) = preSolution
		HideSolutionNode = FALSE
	EndGlobalSection
	GlobalSection(ExtensibilityGlobals) = postSolution
		SolutionGuid = {4B2339A7-BAC3-44B2-BB09-CD135A41339B}
	EndGlobalSection
EndGlobal
